
Microsoft Visual Studio Solution File, Format Version 12.00
Project("{FAE04EC0-301F-11D3-BF4B-00C04F79EFBC}") = "LinkDotNet.ValidationExtensions", "LinkDotNet.ValidationExtensions\LinkDotNet.ValidationExtensions.csproj", "{CC7ABFDD-9FD3-487B-A489-1238A2F7AE5C}"
EndProject
Project("{FAE04EC0-301F-11D3-BF4B-00C04F79EFBC}") = "LinkDotNet.ValidationExtensions.Tests", "LinkDotNet.ValidationExtensions.Tests\LinkDotNet.ValidationExtensions.Tests.csproj", "{7C762C04-2533-4E2D-A49B-199EABE002C7}"
EndProject
Global
	GlobalSection(SolutionConfigurationPlatforms) = preSolution
		Debug|Any CPU = Debug|Any CPU
		Release|Any CPU = Release|Any CPU
	EndGlobalSection
	GlobalSection(ProjectConfigurationPlatforms) = postSolution
		{CC7ABFDD-9FD3-487B-A489-1238A2F7AE5C}.Debug|Any CPU.ActiveCfg = Debug|Any CPU
		{CC7ABFDD-9FD3-487B-A489-1238A2F7AE5C}.Debug|Any CPU.Build.0 = Debug|Any CPU
		{CC7ABFDD-9FD3-487B-A489-1238A2F7AE5C}.Release|Any CPU.ActiveCfg = Release|Any CPU
		{CC7ABFDD-9FD3-487B-A489-1238A2F7AE5C}.Release|Any CPU.Build.0 = Release|Any CPU
		{7C762C04-2533-4E2D-A49B-199EABE002C7}.Debug|Any CPU.ActiveCfg = Debug|Any CPU
		{7C762C04-2533-4E2D-A49B-199EABE002C7}.Debug|Any CPU.Build.0 = Debug|Any CPU
		{7C762C04-2533-4E2D-A49B-199EABE002C7}.Release|Any CPU.ActiveCfg = Release|Any CPU
		{7C762C04-2533-4E2D-A49B-199EABE002C7}.Release|Any CPU.Build.0 = Release|Any CPU
	EndGlobalSection
EndGlobal
